github.com/eidnoat/x/concurrency v0.0.0-20251229133314-25cb9d09f068 h1:cei3063HIbKgEjWLh/ywV+zYV/0aPCGiGEsptQoOUz8=
github.com/eidnoat/x/concurrency v0.0.0-20251229133314-25cb9d09f068/go.mod h1:WtTJGXkhsuliRK/zQDjk65Ag0EgcwmjSFz6Ol+eMLG0=
github.com/pkg/errors v0.9.1 h1:FEBLx1zS214owpjy7qsBeixbURkuhQAwrK5UwLGTwt4=
github.com/pkg/errors v0.9.1/go.mod h1:bwawxfHBFNV+L2hUp1rHADufV3IMtnDRdf1r5NINEl0=
golang.org/x/sync v0.19.0 h1:vV+1eWNmZ5geRlYjzm2adRgW2/mcpevXNg50YZtPCE4=
golang.org/x/sync v0.19.0/go.mod h1:9KTHXmSnoGruLpwFjVSX0lNNA75CykiMECbovNTZqGI=
